{
  "name": "configuration",
  "version": "1.0.0",
  "lockfileVersion": 2,
  "requires": true,
  "packages": {
    "": {
      "name": "adapter",
      "version": "1.0.0",
      "license": "ISC",
      "dependencies": {
        "adapter": "file:../02-adapter",
        "application": "file:../01-application",
        "business": "file:../00-business"
      },
      "devDependencies": {
        "typescript": "^5.0.4"
      }
    },
    "../00-business": {
      "name": "business",
      "version": "1.0.0",
      "license": "ISC",
      "devDependencies": {
        "typescript": "^5.0.4"
      }
    },
    "../01-application": {
      "name": "application",
      "version": "1.0.0",
      "license": "ISC",
      "dependencies": {
        "business": "file:../00-business"
      },
      "devDependencies": {
        "typescript": "^5.0.4"
      }
    },
    "../02-adapter": {
      "name": "adapter",
      "version": "1.0.0",
      "license": "ISC",
      "dependencies": {
        "application": "file:../01-application",
        "express": "^4.18.2"
      },
      "devDependencies": {
        "@types/express": "^4.17.17",
        "typescript": "^5.0.4"
      }
    },
    "node_modules/adapter": {
      "resolved": "../02-adapter",
      "link": true
    },
    "node_modules/application": {
      "resolved": "../01-application",
      "link": true
    },
    "node_modules/business": {
      "resolved": "../00-business",
      "link": true
    },
    "node_modules/typescript": {
      "version": "5.0.4",
      "resolved": "https://registry.npmjs.org/typescript/-/typescript-5.0.4.tgz",
      "integrity": "sha512-cW9T5W9xY37cc+jfEnaUvX91foxtHkza3Nw3wkoF4sSlKn0MONdkdEndig/qPBWXNkmplh3NzayQzCiHM4/hqw==",
      "dev": true,
      "bin": {
        "tsc": "bin/tsc",
        "tsserver": "bin/tsserver"
      },
      "engines": {
        "node": ">=12.20"
      }
    }
  },
  "dependencies": {
    "adapter": {
      "version": "file:../02-adapter",
      "requires": {
        "@types/express": "^4.17.17",
        "application": "file:../01-application",
        "express": "^4.18.2",
        "typescript": "^5.0.4"
      }
    },
    "application": {
      "version": "file:../01-application",
      "requires": {
        "business": "file:../00-business",
        "typescript": "^5.0.4"
      }
    },
    "business": {
      "version": "file:../00-business",
      "requires": {
        "typescript": "^5.0.4"
      }
    },
    "typescript": {
      "version": "5.0.4",
      "resolved": "https://registry.npmjs.org/typescript/-/typescript-5.0.4.tgz",
      "integrity": "sha512-cW9T5W9xY37cc+jfEnaUvX91foxtHkza3Nw3wkoF4sSlKn0MONdkdEndig/qPBWXNkmplh3NzayQzCiHM4/hqw==",
      "dev": true
    }
  }
}
