{
  "name": "adapter",
  "version": "1.0.0",
  "lockfileVersion": 2,
  "requires": true,
  "packages": {
    "": {
      "name": "adapter",
      "version": "1.0.0",
      "license": "ISC",
      "dependencies": {
        "application": "file:../application"
      }
    },
    "../application": {
      "version": "1.0.0",
      "license": "ISC",
      "dependencies": {
        "business": "file:../business"
      }
    },
    "node_modules/application": {
      "resolved": "../application",
      "link": true
    }
  },
  "dependencies": {
    "application": {
      "version": "file:../application",
      "requires": {
        "business": "file:../business"
      }
    }
  }
}
